// !$*UTF8*$!
{
	archiveVersion = 1;
	classes = {
	};
	objectVersion = 46;
	objects = {

/* Begin PBXBuildFile section */
		28F94E621C5017BD005D0708 /* SocketAckEmitter.swift in Sources */ = {isa = PBXBuildFile; fileRef = 28F94E4C1C5017BD005D0708 /* SocketAckEmitter.swift */; };
		28F94E631C5017BD005D0708 /* SocketAckManager.swift in Sources */ = {isa = PBXBuildFile; fileRef = 28F94E4D1C5017BD005D0708 /* SocketAckManager.swift */; };
		28F94E641C5017BD005D0708 /* SocketAnyEvent.swift in Sources */ = {isa = PBXBuildFile; fileRef = 28F94E4E1C5017BD005D0708 /* SocketAnyEvent.swift */; };
		28F94E651C5017BD005D0708 /* SocketClientSpec.swift in Sources */ = {isa = PBXBuildFile; fileRef = 28F94E4F1C5017BD005D0708 /* SocketClientSpec.swift */; };
		28F94E661C5017BD005D0708 /* SocketEngine.swift in Sources */ = {isa = PBXBuildFile; fileRef = 28F94E501C5017BD005D0708 /* SocketEngine.swift */; };
		28F94E671C5017BD005D0708 /* SocketEngineClient.swift in Sources */ = {isa = PBXBuildFile; fileRef = 28F94E511C5017BD005D0708 /* SocketEngineClient.swift */; };
		28F94E681C5017BD005D0708 /* SocketEnginePacketType.swift in Sources */ = {isa = PBXBuildFile; fileRef = 28F94E521C5017BD005D0708 /* SocketEnginePacketType.swift */; };
		28F94E691C5017BD005D0708 /* SocketEnginePollable.swift in Sources */ = {isa = PBXBuildFile; fileRef = 28F94E531C5017BD005D0708 /* SocketEnginePollable.swift */; };
		28F94E6A1C5017BD005D0708 /* SocketEngineSpec.swift in Sources */ = {isa = PBXBuildFile; fileRef = 28F94E541C5017BD005D0708 /* SocketEngineSpec.swift */; };
		28F94E6B1C5017BD005D0708 /* SocketEngineWebsocket.swift in Sources */ = {isa = PBXBuildFile; fileRef = 28F94E551C5017BD005D0708 /* SocketEngineWebsocket.swift */; };
		28F94E6C1C5017BD005D0708 /* SocketEventHandler.swift in Sources */ = {isa = PBXBuildFile; fileRef = 28F94E561C5017BD005D0708 /* SocketEventHandler.swift */; };
		28F94E6D1C5017BD005D0708 /* SocketFixUTF8.swift in Sources */ = {isa = PBXBuildFile; fileRef = 28F94E571C5017BD005D0708 /* SocketFixUTF8.swift */; };
		28F94E6E1C5017BD005D0708 /* SocketIOClient.swift in Sources */ = {isa = PBXBuildFile; fileRef = 28F94E581C5017BD005D0708 /* SocketIOClient.swift */; };
		28F94E6F1C5017BD005D0708 /* SocketIOClientOption.swift in Sources */ = {isa = PBXBuildFile; fileRef = 28F94E591C5017BD005D0708 /* SocketIOClientOption.swift */; };
		28F94E701C5017BD005D0708 /* SocketIOClientStatus.swift in Sources */ = {isa = PBXBuildFile; fileRef = 28F94E5A1C5017BD005D0708 /* SocketIOClientStatus.swift */; };
		28F94E711C5017BD005D0708 /* SocketLogger.swift in Sources */ = {isa = PBXBuildFile; fileRef = 28F94E5B1C5017BD005D0708 /* SocketLogger.swift */; };
		28F94E721C5017BD005D0708 /* SocketPacket.swift in Sources */ = {isa = PBXBuildFile; fileRef = 28F94E5C1C5017BD005D0708 /* SocketPacket.swift */; };
		28F94E731C5017BD005D0708 /* SocketParsable.swift in Sources */ = {isa = PBXBuildFile; fileRef = 28F94E5D1C5017BD005D0708 /* SocketParsable.swift */; };
		28F94E741C5017BD005D0708 /* SocketStringReader.swift in Sources */ = {isa = PBXBuildFile; fileRef = 28F94E5E1C5017BD005D0708 /* SocketStringReader.swift */; };
		28F94E751C5017BD005D0708 /* SocketTypes.swift in Sources */ = {isa = PBXBuildFile; fileRef = 28F94E5F1C5017BD005D0708 /* SocketTypes.swift */; };
		28F94E761C5017BD005D0708 /* SwiftRegex.swift in Sources */ = {isa = PBXBuildFile; fileRef = 28F94E601C5017BD005D0708 /* SwiftRegex.swift */; };
		28F94E771C5017BD005D0708 /* WebSocket.swift in Sources */ = {isa = PBXBuildFile; fileRef = 28F94E611C5017BD005D0708 /* WebSocket.swift */; };
		28F94E7B1C50867B005D0708 /* Location.swift in Sources */ = {isa = PBXBuildFile; fileRef = 28F94E7A1C50867B005D0708 /* Location.swift */; };
		3CD69D991C4F1731009168AE /* AppDelegate.swift in Sources */ = {isa = PBXBuildFile; fileRef = 3CD69D981C4F1731009168AE /* AppDelegate.swift */; };
		3CD69D9B1C4F1731009168AE /* GameScene.sks in Resources */ = {isa = PBXBuildFile; fileRef = 3CD69D9A1C4F1731009168AE /* GameScene.sks */; };
		3CD69D9D1C4F1732009168AE /* GameScene.swift in Sources */ = {isa = PBXBuildFile; fileRef = 3CD69D9C1C4F1732009168AE /* GameScene.swift */; };
		3CD69D9F1C4F1732009168AE /* GameViewController.swift in Sources */ = {isa = PBXBuildFile; fileRef = 3CD69D9E1C4F1732009168AE /* GameViewController.swift */; };
		3CD69DA21C4F1732009168AE /* Main.storyboard in Resources */ = {isa = PBXBuildFile; fileRef = 3CD69DA01C4F1732009168AE /* Main.storyboard */; };
		3CD69DA41C4F1732009168AE /* Assets.xcassets in Resources */ = {isa = PBXBuildFile; fileRef = 3CD69DA31C4F1732009168AE /* Assets.xcassets */; };
		3CD69DA71C4F1732009168AE /* LaunchScreen.storyboard in Resources */ = {isa = PBXBuildFile; fileRef = 3CD69DA51C4F1732009168AE /* LaunchScreen.storyboard */; };
		3CD69DAF1C4F2333009168AE /* HomeScreenViewController.swift in Sources */ = {isa = PBXBuildFile; fileRef = 3CD69DAE1C4F2333009168AE /* HomeScreenViewController.swift */; };
		3CD69DE21C500037009168AE /* SocketDelegate.swift in Sources */ = {isa = PBXBuildFile; fileRef = 3CD69DE11C500037009168AE /* SocketDelegate.swift */; };
		3CD69DE41C5010F2009168AE /* Player.swift in Sources */ = {isa = PBXBuildFile; fileRef = 3CD69DE31C5010F2009168AE /* Player.swift */; };
/* End PBXBuildFile section */

/* Begin PBXFileReference section */
		28F94E4C1C5017BD005D0708 /* SocketAckEmitter.swift */ = {isa = PBXFileReference; fileEncoding = 4; lastKnownFileType = sourcecode.swift; name = SocketAckEmitter.swift; path = ../../SocketIO/SocketAckEmitter.swift; sourceTree = "<group>"; };
		28F94E4D1C5017BD005D0708 /* SocketAckManager.swift */ = {isa = PBXFileReference; fileEncoding = 4; lastKnownFileType = sourcecode.swift; name = SocketAckManager.swift; path = ../../SocketIO/SocketAckManager.swift; sourceTree = "<group>"; };
		28F94E4E1C5017BD005D0708 /* SocketAnyEvent.swift */ = {isa = PBXFileReference; fileEncoding = 4; lastKnownFileType = sourcecode.swift; name = SocketAnyEvent.swift; path = ../../SocketIO/SocketAnyEvent.swift; sourceTree = "<group>"; };
		28F94E4F1C5017BD005D0708 /* SocketClientSpec.swift */ = {isa = PBXFileReference; fileEncoding = 4; lastKnownFileType = sourcecode.swift; name = SocketClientSpec.swift; path = ../../SocketIO/SocketClientSpec.swift; sourceTree = "<group>"; };
		28F94E501C5017BD005D0708 /* SocketEngine.swift */ = {isa = PBXFileReference; fileEncoding = 4; lastKnownFileType = sourcecode.swift; name = SocketEngine.swift; path = ../../SocketIO/SocketEngine.swift; sourceTree = "<group>"; };
		28F94E511C5017BD005D0708 /* SocketEngineClient.swift */ = {isa = PBXFileReference; fileEncoding = 4; lastKnownFileType = sourcecode.swift; name = SocketEngineClient.swift; path = ../../SocketIO/SocketEngineClient.swift; sourceTree = "<group>"; };
		28F94E521C5017BD005D0708 /* SocketEnginePacketType.swift */ = {isa = PBXFileReference; fileEncoding = 4; lastKnownFileType = sourcecode.swift; name = SocketEnginePacketType.swift; path = ../../SocketIO/SocketEnginePacketType.swift; sourceTree = "<group>"; };
		28F94E531C5017BD005D0708 /* SocketEnginePollable.swift */ = {isa = PBXFileReference; fileEncoding = 4; lastKnownFileType = sourcecode.swift; name = SocketEnginePollable.swift; path = ../../SocketIO/SocketEnginePollable.swift; sourceTree = "<group>"; };
		28F94E541C5017BD005D0708 /* SocketEngineSpec.swift */ = {isa = PBXFileReference; fileEncoding = 4; lastKnownFileType = sourcecode.swift; name = SocketEngineSpec.swift; path = ../../SocketIO/SocketEngineSpec.swift; sourceTree = "<group>"; };
		28F94E551C5017BD005D0708 /* SocketEngineWebsocket.swift */ = {isa = PBXFileReference; fileEncoding = 4; lastKnownFileType = sourcecode.swift; name = SocketEngineWebsocket.swift; path = ../../SocketIO/SocketEngineWebsocket.swift; sourceTree = "<group>"; };
		28F94E561C5017BD005D0708 /* SocketEventHandler.swift */ = {isa = PBXFileReference; fileEncoding = 4; lastKnownFileType = sourcecode.swift; name = SocketEventHandler.swift; path = ../../SocketIO/SocketEventHandler.swift; sourceTree = "<group>"; };
		28F94E571C5017BD005D0708 /* SocketFixUTF8.swift */ = {isa = PBXFileReference; fileEncoding = 4; lastKnownFileType = sourcecode.swift; name = SocketFixUTF8.swift; path = ../../SocketIO/SocketFixUTF8.swift; sourceTree = "<group>"; };
		28F94E581C5017BD005D0708 /* SocketIOClient.swift */ = {isa = PBXFileReference; fileEncoding = 4; lastKnownFileType = sourcecode.swift; name = SocketIOClient.swift; path = ../../SocketIO/SocketIOClient.swift; sourceTree = "<group>"; };
		28F94E591C5017BD005D0708 /* SocketIOClientOption.swift */ = {isa = PBXFileReference; fileEncoding = 4; lastKnownFileType = sourcecode.swift; name = SocketIOClientOption.swift; path = ../../SocketIO/SocketIOClientOption.swift; sourceTree = "<group>"; };
		28F94E5A1C5017BD005D0708 /* SocketIOClientStatus.swift */ = {isa = PBXFileReference; fileEncoding = 4; lastKnownFileType = sourcecode.swift; name = SocketIOClientStatus.swift; path = ../../SocketIO/SocketIOClientStatus.swift; sourceTree = "<group>"; };
		28F94E5B1C5017BD005D0708 /* SocketLogger.swift */ = {isa = PBXFileReference; fileEncoding = 4; lastKnownFileType = sourcecode.swift; name = SocketLogger.swift; path = ../../SocketIO/SocketLogger.swift; sourceTree = "<group>"; };
		28F94E5C1C5017BD005D0708 /* SocketPacket.swift */ = {isa = PBXFileReference; fileEncoding = 4; lastKnownFileType = sourcecode.swift; name = SocketPacket.swift; path = ../../SocketIO/SocketPacket.swift; sourceTree = "<group>"; };
		28F94E5D1C5017BD005D0708 /* SocketParsable.swift */ = {isa = PBXFileReference; fileEncoding = 4; lastKnownFileType = sourcecode.swift; name = SocketParsable.swift; path = ../../SocketIO/SocketParsable.swift; sourceTree = "<group>"; };
		28F94E5E1C5017BD005D0708 /* SocketStringReader.swift */ = {isa = PBXFileReference; fileEncoding = 4; lastKnownFileType = sourcecode.swift; name = SocketStringReader.swift; path = ../../SocketIO/SocketStringReader.swift; sourceTree = "<group>"; };
		28F94E5F1C5017BD005D0708 /* SocketTypes.swift */ = {isa = PBXFileReference; fileEncoding = 4; lastKnownFileType = sourcecode.swift; name = SocketTypes.swift; path = ../../SocketIO/SocketTypes.swift; sourceTree = "<group>"; };
		28F94E601C5017BD005D0708 /* SwiftRegex.swift */ = {isa = PBXFileReference; fileEncoding = 4; lastKnownFileType = sourcecode.swift; name = SwiftRegex.swift; path = ../../SocketIO/SwiftRegex.swift; sourceTree = "<group>"; };
		28F94E611C5017BD005D0708 /* WebSocket.swift */ = {isa = PBXFileReference; fileEncoding = 4; lastKnownFileType = sourcecode.swift; name = WebSocket.swift; path = ../../SocketIO/WebSocket.swift; sourceTree = "<group>"; };
		28F94E7A1C50867B005D0708 /* Location.swift */ = {isa = PBXFileReference; fileEncoding = 4; lastKnownFileType = sourcecode.swift; path = Location.swift; sourceTree = "<group>"; };
		3CD69D951C4F1731009168AE /* Shooting Ballz.app */ = {isa = PBXFileReference; explicitFileType = wrapper.application; includeInIndex = 0; path = "Shooting Ballz.app"; sourceTree = BUILT_PRODUCTS_DIR; };
		3CD69D981C4F1731009168AE /* AppDelegate.swift */ = {isa = PBXFileReference; lastKnownFileType = sourcecode.swift; path = AppDelegate.swift; sourceTree = "<group>"; };
		3CD69D9A1C4F1731009168AE /* GameScene.sks */ = {isa = PBXFileReference; lastKnownFileType = file.sks; path = GameScene.sks; sourceTree = "<group>"; };
		3CD69D9C1C4F1732009168AE /* GameScene.swift */ = {isa = PBXFileReference; lastKnownFileType = sourcecode.swift; path = GameScene.swift; sourceTree = "<group>"; };
		3CD69D9E1C4F1732009168AE /* GameViewController.swift */ = {isa = PBXFileReference; lastKnownFileType = sourcecode.swift; path = GameViewController.swift; sourceTree = "<group>"; };
		3CD69DA11C4F1732009168AE /* Base */ = {isa = PBXFileReference; lastKnownFileType = file.storyboard; name = Base; path = Base.lproj/Main.storyboard; sourceTree = "<group>"; };
		3CD69DA31C4F1732009168AE /* Assets.xcassets */ = {isa = PBXFileReference; lastKnownFileType = folder.assetcatalog; path = Assets.xcassets; sourceTree = "<group>"; };
		3CD69DA61C4F1732009168AE /* Base */ = {isa = PBXFileReference; lastKnownFileType = file.storyboard; name = Base; path = Base.lproj/LaunchScreen.storyboard; sourceTree = "<group>"; };
		3CD69DA81C4F1732009168AE /* Info.plist */ = {isa = PBXFileReference; lastKnownFileType = text.plist.xml; path = Info.plist; sourceTree = "<group>"; };
		3CD69DAE1C4F2333009168AE /* HomeScreenViewController.swift */ = {isa = PBXFileReference; fileEncoding = 4; lastKnownFileType = sourcecode.swift; path = HomeScreenViewController.swift; sourceTree = "<group>"; };
		3CD69DE11C500037009168AE /* SocketDelegate.swift */ = {isa = PBXFileReference; fileEncoding = 4; lastKnownFileType = sourcecode.swift; path = SocketDelegate.swift; sourceTree = "<group>"; };
		3CD69DE31C5010F2009168AE /* Player.swift */ = {isa = PBXFileReference; fileEncoding = 4; lastKnownFileType = sourcecode.swift; path = Player.swift; sourceTree = "<group>"; };
/* End PBXFileReference section */

/* Begin PBXFrameworksBuildPhase section */
		3CD69D921C4F1731009168AE /* Frameworks */ = {
			isa = PBXFrameworksBuildPhase;
			buildActionMask = 2147483647;
			files = (
			);
			runOnlyForDeploymentPostprocessing = 0;
		};
/* End PBXFrameworksBuildPhase section */

/* Begin PBXGroup section */
		28F94E4B1C5017A6005D0708 /* SocketIO */ = {
			isa = PBXGroup;
			children = (
				28F94E4C1C5017BD005D0708 /* SocketAckEmitter.swift */,
				28F94E4D1C5017BD005D0708 /* SocketAckManager.swift */,
				28F94E4E1C5017BD005D0708 /* SocketAnyEvent.swift */,
				28F94E4F1C5017BD005D0708 /* SocketClientSpec.swift */,
				28F94E501C5017BD005D0708 /* SocketEngine.swift */,
				28F94E511C5017BD005D0708 /* SocketEngineClient.swift */,
				28F94E521C5017BD005D0708 /* SocketEnginePacketType.swift */,
				28F94E531C5017BD005D0708 /* SocketEnginePollable.swift */,
				28F94E541C5017BD005D0708 /* SocketEngineSpec.swift */,
				28F94E551C5017BD005D0708 /* SocketEngineWebsocket.swift */,
				28F94E561C5017BD005D0708 /* SocketEventHandler.swift */,
				28F94E571C5017BD005D0708 /* SocketFixUTF8.swift */,
				28F94E581C5017BD005D0708 /* SocketIOClient.swift */,
				28F94E591C5017BD005D0708 /* SocketIOClientOption.swift */,
				28F94E5A1C5017BD005D0708 /* SocketIOClientStatus.swift */,
				28F94E5B1C5017BD005D0708 /* SocketLogger.swift */,
				28F94E5C1C5017BD005D0708 /* SocketPacket.swift */,
				28F94E5D1C5017BD005D0708 /* SocketParsable.swift */,
				28F94E5E1C5017BD005D0708 /* SocketStringReader.swift */,
				28F94E5F1C5017BD005D0708 /* SocketTypes.swift */,
				28F94E601C5017BD005D0708 /* SwiftRegex.swift */,
				28F94E611C5017BD005D0708 /* WebSocket.swift */,
			);
			name = SocketIO;
			sourceTree = "<group>";
		};
		3CD69D8C1C4F1731009168AE = {
			isa = PBXGroup;
			children = (
				3CD69D971C4F1731009168AE /* Shooting Ballz */,
				3CD69D961C4F1731009168AE /* Products */,
			);
			sourceTree = "<group>";
		};
		3CD69D961C4F1731009168AE /* Products */ = {
			isa = PBXGroup;
			children = (
				3CD69D951C4F1731009168AE /* Shooting Ballz.app */,
			);
			name = Products;
			sourceTree = "<group>";
		};
		3CD69D971C4F1731009168AE /* Shooting Ballz */ = {
			isa = PBXGroup;
			children = (
				28F94E4B1C5017A6005D0708 /* SocketIO */,
				3CD69D981C4F1731009168AE /* AppDelegate.swift */,
				3CD69D9A1C4F1731009168AE /* GameScene.sks */,
				3CD69D9C1C4F1732009168AE /* GameScene.swift */,
				3CD69D9E1C4F1732009168AE /* GameViewController.swift */,
				3CD69DA01C4F1732009168AE /* Main.storyboard */,
				3CD69DA31C4F1732009168AE /* Assets.xcassets */,
				3CD69DA51C4F1732009168AE /* LaunchScreen.storyboard */,
				3CD69DA81C4F1732009168AE /* Info.plist */,
				3CD69DAE1C4F2333009168AE /* HomeScreenViewController.swift */,
				3CD69DE11C500037009168AE /* SocketDelegate.swift */,
				3CD69DE31C5010F2009168AE /* Player.swift */,
				28F94E7A1C50867B005D0708 /* Location.swift */,
			);
			path = "Shooting Ballz";
			sourceTree = "<group>";
		};
/* End PBXGroup section */

/* Begin PBXNativeTarget section */
		3CD69D941C4F1731009168AE /* Shooting Ballz */ = {
			isa = PBXNativeTarget;
			buildConfigurationList = 3CD69DAB1C4F1732009168AE /* Build configuration list for PBXNativeTarget "Shooting Ballz" */;
			buildPhases = (
				3CD69D911C4F1731009168AE /* Sources */,
				3CD69D921C4F1731009168AE /* Frameworks */,
				3CD69D931C4F1731009168AE /* Resources */,
			);
			buildRules = (
			);
			dependencies = (
			);
			name = "Shooting Ballz";
			productName = "Shooting Ballz";
			productReference = 3CD69D951C4F1731009168AE /* Shooting Ballz.app */;
			productType = "com.apple.product-type.application";
		};
/* End PBXNativeTarget section */

/* Begin PBXProject section */
		3CD69D8D1C4F1731009168AE /* Project object */ = {
			isa = PBXProject;
			attributes = {
				LastSwiftUpdateCheck = 0720;
				LastUpgradeCheck = 0720;
				ORGANIZATIONNAME = "Filza Mazahir";
				TargetAttributes = {
					3CD69D941C4F1731009168AE = {
						CreatedOnToolsVersion = 7.2;
						DevelopmentTeam = 4PW6538QK6;
					};
				};
			};
			buildConfigurationList = 3CD69D901C4F1731009168AE /* Build configuration list for PBXProject "Shooting Ballz" */;
			compatibilityVersion = "Xcode 3.2";
			developmentRegion = English;
			hasScannedForEncodings = 0;
			knownRegions = (
				en,
				Base,
			);
			mainGroup = 3CD69D8C1C4F1731009168AE;
			productRefGroup = 3CD69D961C4F1731009168AE /* Products */;
			projectDirPath = "";
			projectRoot = "";
			targets = (
				3CD69D941C4F1731009168AE /* Shooting Ballz */,
			);
		};
/* End PBXProject section */

/* Begin PBXResourcesBuildPhase section */
		3CD69D931C4F1731009168AE /* Resources */ = {
			isa = PBXResourcesBuildPhase;
			buildActionMask = 2147483647;
			files = (
				3CD69D9B1C4F1731009168AE /* GameScene.sks in Resources */,
				3CD69DA71C4F1732009168AE /* LaunchScreen.storyboard in Resources */,
				3CD69DA41C4F1732009168AE /* Assets.xcassets in Resources */,
				3CD69DA21C4F1732009168AE /* Main.storyboard in Resources */,
			);
			runOnlyForDeploymentPostprocessing = 0;
		};
/* End PBXResourcesBuildPhase section */

/* Begin PBXSourcesBuildPhase section */
		3CD69D911C4F1731009168AE /* Sources */ = {
			isa = PBXSourcesBuildPhase;
			buildActionMask = 2147483647;
			files = (
				3CD69DE21C500037009168AE /* SocketDelegate.swift in Sources */,
				28F94E671C5017BD005D0708 /* SocketEngineClient.swift in Sources */,
				28F94E731C5017BD005D0708 /* SocketParsable.swift in Sources */,
				28F94E661C5017BD005D0708 /* SocketEngine.swift in Sources */,
				28F94E6A1C5017BD005D0708 /* SocketEngineSpec.swift in Sources */,
				3CD69DE41C5010F2009168AE /* Player.swift in Sources */,
				28F94E7B1C50867B005D0708 /* Location.swift in Sources */,
				28F94E641C5017BD005D0708 /* SocketAnyEvent.swift in Sources */,
				3CD69D9D1C4F1732009168AE /* GameScene.swift in Sources */,
				28F94E651C5017BD005D0708 /* SocketClientSpec.swift in Sources */,
				3CD69DAF1C4F2333009168AE /* HomeScreenViewController.swift in Sources */,
				28F94E6D1C5017BD005D0708 /* SocketFixUTF8.swift in Sources */,
				28F94E761C5017BD005D0708 /* SwiftRegex.swift in Sources */,
				28F94E631C5017BD005D0708 /* SocketAckManager.swift in Sources */,
				28F94E771C5017BD005D0708 /* WebSocket.swift in Sources */,
				28F94E621C5017BD005D0708 /* SocketAckEmitter.swift in Sources */,
				28F94E681C5017BD005D0708 /* SocketEnginePacketType.swift in Sources */,
				28F94E721C5017BD005D0708 /* SocketPacket.swift in Sources */,
				28F94E6C1C5017BD005D0708 /* SocketEventHandler.swift in Sources */,
				28F94E6F1C5017BD005D0708 /* SocketIOClientOption.swift in Sources */,
				28F94E6B1C5017BD005D0708 /* SocketEngineWebsocket.swift in Sources */,
				28F94E701C5017BD005D0708 /* SocketIOClientStatus.swift in Sources */,
				28F94E691C5017BD005D0708 /* SocketEnginePollable.swift in Sources */,
				28F94E6E1C5017BD005D0708 /* SocketIOClient.swift in Sources */,
				28F94E741C5017BD005D0708 /* SocketStringReader.swift in Sources */,
				28F94E751C5017BD005D0708 /* SocketTypes.swift in Sources */,
				3CD69D9F1C4F1732009168AE /* GameViewController.swift in Sources */,
				28F94E711C5017BD005D0708 /* SocketLogger.swift in Sources */,
				3CD69D991C4F1731009168AE /* AppDelegate.swift in Sources */,
			);
			runOnlyForDeploymentPostprocessing = 0;
		};
/* End PBXSourcesBuildPhase section */

/* Begin PBXVariantGroup section */
		3CD69DA01C4F1732009168AE /* Main.storyboard */ = {
			isa = PBXVariantGroup;
			children = (
				3CD69DA11C4F1732009168AE /* Base */,
			);
			name = Main.storyboard;
			sourceTree = "<group>";
		};
		3CD69DA51C4F1732009168AE /* LaunchScreen.storyboard */ = {
			isa = PBXVariantGroup;
			children = (
				3CD69DA61C4F1732009168AE /* Base */,
			);
			name = LaunchScreen.storyboard;
			sourceTree = "<group>";
		};
/* End PBXVariantGroup section */

/* Begin XCBuildConfiguration section */
		3CD69DA91C4F1732009168AE /* Debug */ = {
			isa = XCBuildConfiguration;
			buildSettings = {
				ALWAYS_SEARCH_USER_PATHS = NO;
				CLANG_CXX_LANGUAGE_STANDARD = "gnu++0x";
				CLANG_CXX_LIBRARY = "libc++";
				CLANG_ENABLE_MODULES = YES;
				CLANG_ENABLE_OBJC_ARC = YES;
				CLANG_WARN_BOOL_CONVERSION = YES;
				CLANG_WARN_CONSTANT_CONVERSION = YES;
				CLANG_WARN_DIRECT_OBJC_ISA_USAGE = YES_ERROR;
				CLANG_WARN_EMPTY_BODY = YES;
				CLANG_WARN_ENUM_CONVERSION = YES;
				CLANG_WARN_INT_CONVERSION = YES;
				CLANG_WARN_OBJC_ROOT_CLASS = YES_ERROR;
				CLANG_WARN_UNREACHABLE_CODE = YES;
				CLANG_WARN__DUPLICATE_METHOD_MATCH = YES;
				"CODE_SIGN_IDENTITY[sdk=iphoneos*]" = "iPhone Developer";
				COPY_PHASE_STRIP = NO;
				DEBUG_INFORMATION_FORMAT = "dwarf-with-dsym";
				ENABLE_STRICT_OBJC_MSGSEND = YES;
				ENABLE_TESTABILITY = YES;
				GCC_C_LANGUAGE_STANDARD = gnu99;
				GCC_DYNAMIC_NO_PIC = NO;
				GCC_NO_COMMON_BLOCKS = YES;
				GCC_OPTIMIZATION_LEVEL = 0;
				GCC_PREPROCESSOR_DEFINITIONS = (
					"DEBUG=1",
					"$(inherited)",
				);
				GCC_WARN_64_TO_32_BIT_CONVERSION = YES;
				GCC_WARN_ABOUT_RETURN_TYPE = YES_ERROR;
				GCC_WARN_UNDECLARED_SELECTOR = YES;
				GCC_WARN_UNINITIALIZED_AUTOS = YES_AGGRESSIVE;
				GCC_WARN_UNUSED_FUNCTION = YES;
				GCC_WARN_UNUSED_VARIABLE = YES;
				IPHONEOS_DEPLOYMENT_TARGET = 9.2;
				MTL_ENABLE_DEBUG_INFO = YES;
				ONLY_ACTIVE_ARCH = YES;
				SDKROOT = iphoneos;
				SWIFT_OPTIMIZATION_LEVEL = "-Onone";
				TARGETED_DEVICE_FAMILY = "1,2";
			};
			name = Debug;
		};
		3CD69DAA1C4F1732009168AE /* Release */ = {
			isa = XCBuildConfiguration;
			buildSettings = {
				ALWAYS_SEARCH_USER_PATHS = NO;
				CLANG_CXX_LANGUAGE_STANDARD = "gnu++0x";
				CLANG_CXX_LIBRARY = "libc++";
				CLANG_ENABLE_MODULES = YES;
				CLANG_ENABLE_OBJC_ARC = YES;
				CLANG_WARN_BOOL_CONVERSION = YES;
				CLANG_WARN_CONSTANT_CONVERSION = YES;
				CLANG_WARN_DIRECT_OBJC_ISA_USAGE = YES_ERROR;
				CLANG_WARN_EMPTY_BODY = YES;
				CLANG_WARN_ENUM_CONVERSION = YES;
				CLANG_WARN_INT_CONVERSION = YES;
				CLANG_WARN_OBJC_ROOT_CLASS = YES_ERROR;
				CLANG_WARN_UNREACHABLE_CODE = YES;
				CLANG_WARN__DUPLICATE_METHOD_MATCH = YES;
				"CODE_SIGN_IDENTITY[sdk=iphoneos*]" = "iPhone Developer";
				COPY_PHASE_STRIP = NO;
				DEBUG_INFORMATION_FORMAT = "dwarf-with-dsym";
				ENABLE_NS_ASSERTIONS = NO;
				ENABLE_STRICT_OBJC_MSGSEND = YES;
				GCC_C_LANGUAGE_STANDARD = gnu99;
				GCC_NO_COMMON_BLOCKS = YES;
				GCC_WARN_64_TO_32_BIT_CONVERSION = YES;
				GCC_WARN_ABOUT_RETURN_TYPE = YES_ERROR;
				GCC_WARN_UNDECLARED_SELECTOR = YES;
				GCC_WARN_UNINITIALIZED_AUTOS = YES_AGGRESSIVE;
				GCC_WARN_UNUSED_FUNCTION = YES;
				GCC_WARN_UNUSED_VARIABLE = YES;
				IPHONEOS_DEPLOYMENT_TARGET = 9.2;
				MTL_ENABLE_DEBUG_INFO = NO;
				SDKROOT = iphoneos;
				TARGETED_DEVICE_FAMILY = "1,2";
				VALIDATE_PRODUCT = YES;
			};
			name = Release;
		};
		3CD69DAC1C4F1732009168AE /* Debug */ = {
			isa = XCBuildConfiguration;
			buildSettings = {
				ASSETCATALOG_COMPILER_APPICON_NAME = AppIcon;
				CODE_SIGN_IDENTITY = "iPhone Developer";
				"CODE_SIGN_IDENTITY[sdk=iphoneos*]" = "iPhone Developer";
				INFOPLIST_FILE = "Shooting Ballz/Info.plist";
				LD_RUNPATH_SEARCH_PATHS = "$(inherited) @executable_path/Frameworks";
				PRODUCT_BUNDLE_IDENTIFIER = "ca.filza.Shooting-Ballz";
				PRODUCT_NAME = "$(TARGET_NAME)";
				PROVISIONING_PROFILE = "";
			};
			name = Debug;
		};
		3CD69DAD1C4F1732009168AE /* Release */ = {
			isa = XCBuildConfiguration;
			buildSettings = {
				ASSETCATALOG_COMPILER_APPICON_NAME = AppIcon;
				CODE_SIGN_IDENTITY = "iPhone Developer";
				"CODE_SIGN_IDENTITY[sdk=iphoneos*]" = "iPhone Developer";
				INFOPLIST_FILE = "Shooting Ballz/Info.plist";
				LD_RUNPATH_SEARCH_PATHS = "$(inherited) @executable_path/Frameworks";
				PRODUCT_BUNDLE_IDENTIFIER = "ca.filza.Shooting-Ballz";
				PRODUCT_NAME = "$(TARGET_NAME)";
				PROVISIONING_PROFILE = "";
			};
			name = Release;
		};
/* End XCBuildConfiguration section */

/* Begin XCConfigurationList section */
		3CD69D901C4F1731009168AE /* Build configuration list for PBXProject "Shooting Ballz" */ = {
			isa = XCConfigurationList;
			buildConfigurations = (
				3CD69DA91C4F1732009168AE /* Debug */,
				3CD69DAA1C4F1732009168AE /* Release */,
			);
			defaultConfigurationIsVisible = 0;
			defaultConfigurationName = Release;
		};
		3CD69DAB1C4F1732009168AE /* Build configuration list for PBXNativeTarget "Shooting Ballz" */ = {
			isa = XCConfigurationList;
			buildConfigurations = (
				3CD69DAC1C4F1732009168AE /* Debug */,
				3CD69DAD1C4F1732009168AE /* Release */,
			);
			defaultConfigurationIsVisible = 0;
			defaultConfigurationName = Release;
		};
/* End XCConfigurationList section */
	};
	rootObject = 3CD69D8D1C4F1731009168AE /* Project object */;
}
