// !$*UTF8*$!
{
	archiveVersion = 1;
	classes = {
	};
	objectVersion = 46;
	objects = {

/* Begin PBXBuildFile section */
		3CD69D991C4F1731009168AE /* AppDelegate.swift in Sources */ = {isa = PBXBuildFile; fileRef = 3CD69D981C4F1731009168AE /* AppDelegate.swift */; };
		3CD69D9B1C4F1731009168AE /* GameScene.sks in Resources */ = {isa = PBXBuildFile; fileRef = 3CD69D9A1C4F1731009168AE /* GameScene.sks */; };
		3CD69D9D1C4F1732009168AE /* GameScene.swift in Sources */ = {isa = PBXBuildFile; fileRef = 3CD69D9C1C4F1732009168AE /* GameScene.swift */; };
		3CD69D9F1C4F1732009168AE /* GameViewController.swift in Sources */ = {isa = PBXBuildFile; fileRef = 3CD69D9E1C4F1732009168AE /* GameViewController.swift */; };
		3CD69DA21C4F1732009168AE /* Main.storyboard in Resources */ = {isa = PBXBuildFile; fileRef = 3CD69DA01C4F1732009168AE /* Main.storyboard */; };
		3CD69DA41C4F1732009168AE /* Assets.xcassets in Resources */ = {isa = PBXBuildFile; fileRef = 3CD69DA31C4F1732009168AE /* Assets.xcassets */; };
		3CD69DA71C4F1732009168AE /* LaunchScreen.storyboard in Resources */ = {isa = PBXBuildFile; fileRef = 3CD69DA51C4F1732009168AE /* LaunchScreen.storyboard */; };
		3CD69DAF1C4F2333009168AE /* HomeScreenViewController.swift in Sources */ = {isa = PBXBuildFile; fileRef = 3CD69DAE1C4F2333009168AE /* HomeScreenViewController.swift */; };
		3CD69DE21C500037009168AE /* SocketDelegate.swift in Sources */ = {isa = PBXBuildFile; fileRef = 3CD69DE11C500037009168AE /* SocketDelegate.swift */; };
		3CD69DE41C5010F2009168AE /* Player.swift in Sources */ = {isa = PBXBuildFile; fileRef = 3CD69DE31C5010F2009168AE /* Player.swift */; };
/* End PBXBuildFile section */

/* Begin PBXFileReference section */
		3CD69D951C4F1731009168AE /* Shooting Ballz.app */ = {isa = PBXFileReference; explicitFileType = wrapper.application; includeInIndex = 0; path = "Shooting Ballz.app"; sourceTree = BUILT_PRODUCTS_DIR; };
		3CD69D981C4F1731009168AE /* AppDelegate.swift */ = {isa = PBXFileReference; lastKnownFileType = sourcecode.swift; path = AppDelegate.swift; sourceTree = "<group>"; };
		3CD69D9A1C4F1731009168AE /* GameScene.sks */ = {isa = PBXFileReference; lastKnownFileType = file.sks; path = GameScene.sks; sourceTree = "<group>"; };
		3CD69D9C1C4F1732009168AE /* GameScene.swift */ = {isa = PBXFileReference; lastKnownFileType = sourcecode.swift; path = GameScene.swift; sourceTree = "<group>"; };
		3CD69D9E1C4F1732009168AE /* GameViewController.swift */ = {isa = PBXFileReference; lastKnownFileType = sourcecode.swift; path = GameViewController.swift; sourceTree = "<group>"; };
		3CD69DA11C4F1732009168AE /* Base */ = {isa = PBXFileReference; lastKnownFileType = file.storyboard; name = Base; path = Base.lproj/Main.storyboard; sourceTree = "<group>"; };
		3CD69DA31C4F1732009168AE /* Assets.xcassets */ = {isa = PBXFileReference; lastKnownFileType = folder.assetcatalog; path = Assets.xcassets; sourceTree = "<group>"; };
		3CD69DA61C4F1732009168AE /* Base */ = {isa = PBXFileReference; lastKnownFileType = file.storyboard; name = Base; path = Base.lproj/LaunchScreen.storyboard; sourceTree = "<group>"; };
		3CD69DA81C4F1732009168AE /* Info.plist */ = {isa = PBXFileReference; lastKnownFileType = text.plist.xml; path = Info.plist; sourceTree = "<group>"; };
		3CD69DAE1C4F2333009168AE /* HomeScreenViewController.swift */ = {isa = PBXFileReference; fileEncoding = 4; lastKnownFileType = sourcecode.swift; path = HomeScreenViewController.swift; sourceTree = "<group>"; };
		3CD69DE11C500037009168AE /* SocketDelegate.swift */ = {isa = PBXFileReference; fileEncoding = 4; lastKnownFileType = sourcecode.swift; path = SocketDelegate.swift; sourceTree = "<group>"; };
		3CD69DE31C5010F2009168AE /* Player.swift */ = {isa = PBXFileReference; fileEncoding = 4; lastKnownFileType = sourcecode.swift; path = Player.swift; sourceTree = "<group>"; };
/* End PBXFileReference section */

/* Begin PBXFrameworksBuildPhase section */
		3CD69D921C4F1731009168AE /* Frameworks */ = {
			isa = PBXFrameworksBuildPhase;
			buildActionMask = 2147483647;
			files = (
			);
			runOnlyForDeploymentPostprocessing = 0;
		};
/* End PBXFrameworksBuildPhase section */

/* Begin PBXGroup section */
		3CD69D8C1C4F1731009168AE = {
			isa = PBXGroup;
			children = (
				3CD69D971C4F1731009168AE /* Shooting Ballz */,
				3CD69D961C4F1731009168AE /* Products */,
			);
			sourceTree = "<group>";
		};
		3CD69D961C4F1731009168AE /* Products */ = {
			isa = PBXGroup;
			children = (
				3CD69D951C4F1731009168AE /* Shooting Ballz.app */,
			);
			name = Products;
			sourceTree = "<group>";
		};
		3CD69D971C4F1731009168AE /* Shooting Ballz */ = {
			isa = PBXGroup;
			children = (
				3CD69DB21C4F2678009168AE /* SocketIO */,
				3CD69D981C4F1731009168AE /* AppDelegate.swift */,
				3CD69D9A1C4F1731009168AE /* GameScene.sks */,
				3CD69D9C1C4F1732009168AE /* GameScene.swift */,
				3CD69D9E1C4F1732009168AE /* GameViewController.swift */,
				3CD69DA01C4F1732009168AE /* Main.storyboard */,
				3CD69DA31C4F1732009168AE /* Assets.xcassets */,
				3CD69DA51C4F1732009168AE /* LaunchScreen.storyboard */,
				3CD69DA81C4F1732009168AE /* Info.plist */,
				3CD69DAE1C4F2333009168AE /* HomeScreenViewController.swift */,
				3CD69DE11C500037009168AE /* SocketDelegate.swift */,
				3CD69DE31C5010F2009168AE /* Player.swift */,
			);
			path = "Shooting Ballz";
			sourceTree = "<group>";
		};
		3CD69DB21C4F2678009168AE /* SocketIO */ = {
			isa = PBXGroup;
			children = (
			);
			name = SocketIO;
			sourceTree = "<group>";
		};
/* End PBXGroup section */

/* Begin PBXNativeTarget section */
		3CD69D941C4F1731009168AE /* Shooting Ballz */ = {
			isa = PBXNativeTarget;
			buildConfigurationList = 3CD69DAB1C4F1732009168AE /* Build configuration list for PBXNativeTarget "Shooting Ballz" */;
			buildPhases = (
				3CD69D911C4F1731009168AE /* Sources */,
				3CD69D921C4F1731009168AE /* Frameworks */,
				3CD69D931C4F1731009168AE /* Resources */,
			);
			buildRules = (
			);
			dependencies = (
			);
			name = "Shooting Ballz";
			productName = "Shooting Ballz";
			productReference = 3CD69D951C4F1731009168AE /* Shooting Ballz.app */;
			productType = "com.apple.product-type.application";
		};
/* End PBXNativeTarget section */

/* Begin PBXProject section */
		3CD69D8D1C4F1731009168AE /* Project object */ = {
			isa = PBXProject;
			attributes = {
				LastSwiftUpdateCheck = 0720;
				LastUpgradeCheck = 0720;
				ORGANIZATIONNAME = "Filza Mazahir";
				TargetAttributes = {
					3CD69D941C4F1731009168AE = {
						CreatedOnToolsVersion = 7.2;
					};
				};
			};
			buildConfigurationList = 3CD69D901C4F1731009168AE /* Build configuration list for PBXProject "Shooting Ballz" */;
			compatibilityVersion = "Xcode 3.2";
			developmentRegion = English;
			hasScannedForEncodings = 0;
			knownRegions = (
				en,
				Base,
			);
			mainGroup = 3CD69D8C1C4F1731009168AE;
			productRefGroup = 3CD69D961C4F1731009168AE /* Products */;
			projectDirPath = "";
			projectRoot = "";
			targets = (
				3CD69D941C4F1731009168AE /* Shooting Ballz */,
			);
		};
/* End PBXProject section */

/* Begin PBXResourcesBuildPhase section */
		3CD69D931C4F1731009168AE /* Resources */ = {
			isa = PBXResourcesBuildPhase;
			buildActionMask = 2147483647;
			files = (
				3CD69D9B1C4F1731009168AE /* GameScene.sks in Resources */,
				3CD69DA71C4F1732009168AE /* LaunchScreen.storyboard in Resources */,
				3CD69DA41C4F1732009168AE /* Assets.xcassets in Resources */,
				3CD69DA21C4F1732009168AE /* Main.storyboard in Resources */,
			);
			runOnlyForDeploymentPostprocessing = 0;
		};
/* End PBXResourcesBuildPhase section */

/* Begin PBXSourcesBuildPhase section */
		3CD69D911C4F1731009168AE /* Sources */ = {
			isa = PBXSourcesBuildPhase;
			buildActionMask = 2147483647;
			files = (
				3CD69DE21C500037009168AE /* SocketDelegate.swift in Sources */,
				3CD69DE41C5010F2009168AE /* Player.swift in Sources */,
				3CD69D9D1C4F1732009168AE /* GameScene.swift in Sources */,
				3CD69DAF1C4F2333009168AE /* HomeScreenViewController.swift in Sources */,
				3CD69D9F1C4F1732009168AE /* GameViewController.swift in Sources */,
				3CD69D991C4F1731009168AE /* AppDelegate.swift in Sources */,
			);
			runOnlyForDeploymentPostprocessing = 0;
		};
/* End PBXSourcesBuildPhase section */

/* Begin PBXVariantGroup section */
		3CD69DA01C4F1732009168AE /* Main.storyboard */ = {
			isa = PBXVariantGroup;
			children = (
				3CD69DA11C4F1732009168AE /* Base */,
			);
			name = Main.storyboard;
			sourceTree = "<group>";
		};
		3CD69DA51C4F1732009168AE /* LaunchScreen.storyboard */ = {
			isa = PBXVariantGroup;
			children = (
				3CD69DA61C4F1732009168AE /* Base */,
			);
			name = LaunchScreen.storyboard;
			sourceTree = "<group>";
		};
/* End PBXVariantGroup section */

/* Begin XCBuildConfiguration section */
		3CD69DA91C4F1732009168AE /* Debug */ = {
			isa = XCBuildConfiguration;
			buildSettings = {
				ALWAYS_SEARCH_USER_PATHS = NO;
				CLANG_CXX_LANGUAGE_STANDARD = "gnu++0x";
				CLANG_CXX_LIBRARY = "libc++";
				CLANG_ENABLE_MODULES = YES;
				CLANG_ENABLE_OBJC_ARC = YES;
				CLANG_WARN_BOOL_CONVERSION = YES;
				CLANG_WARN_CONSTANT_CONVERSION = YES;
				CLANG_WARN_DIRECT_OBJC_ISA_USAGE = YES_ERROR;
				CLANG_WARN_EMPTY_BODY = YES;
				CLANG_WARN_ENUM_CONVERSION = YES;
				CLANG_WARN_INT_CONVERSION = YES;
				CLANG_WARN_OBJC_ROOT_CLASS = YES_ERROR;
				CLANG_WARN_UNREACHABLE_CODE = YES;
				CLANG_WARN__DUPLICATE_METHOD_MATCH = YES;
				"CODE_SIGN_IDENTITY[sdk=iphoneos*]" = "iPhone Developer";
				COPY_PHASE_STRIP = NO;
				DEBUG_INFORMATION_FORMAT = "dwarf-with-dsym";
				ENABLE_STRICT_OBJC_MSGSEND = YES;
				ENABLE_TESTABILITY = YES;
				GCC_C_LANGUAGE_STANDARD = gnu99;
				GCC_DYNAMIC_NO_PIC = NO;
				GCC_NO_COMMON_BLOCKS = YES;
				GCC_OPTIMIZATION_LEVEL = 0;
				GCC_PREPROCESSOR_DEFINITIONS = (
					"DEBUG=1",
					"$(inherited)",
				);
				GCC_WARN_64_TO_32_BIT_CONVERSION = YES;
				GCC_WARN_ABOUT_RETURN_TYPE = YES_ERROR;
				GCC_WARN_UNDECLARED_SELECTOR = YES;
				GCC_WARN_UNINITIALIZED_AUTOS = YES_AGGRESSIVE;
				GCC_WARN_UNUSED_FUNCTION = YES;
				GCC_WARN_UNUSED_VARIABLE = YES;
				IPHONEOS_DEPLOYMENT_TARGET = 9.2;
				MTL_ENABLE_DEBUG_INFO = YES;
				ONLY_ACTIVE_ARCH = YES;
				SDKROOT = iphoneos;
				SWIFT_OPTIMIZATION_LEVEL = "-Onone";
				TARGETED_DEVICE_FAMILY = "1,2";
			};
			name = Debug;
		};
		3CD69DAA1C4F1732009168AE /* Release */ = {
			isa = XCBuildConfiguration;
			buildSettings = {
				ALWAYS_SEARCH_USER_PATHS = NO;
				CLANG_CXX_LANGUAGE_STANDARD = "gnu++0x";
				CLANG_CXX_LIBRARY = "libc++";
				CLANG_ENABLE_MODULES = YES;
				CLANG_ENABLE_OBJC_ARC = YES;
				CLANG_WARN_BOOL_CONVERSION = YES;
				CLANG_WARN_CONSTANT_CONVERSION = YES;
				CLANG_WARN_DIRECT_OBJC_ISA_USAGE = YES_ERROR;
				CLANG_WARN_EMPTY_BODY = YES;
				CLANG_WARN_ENUM_CONVERSION = YES;
				CLANG_WARN_INT_CONVERSION = YES;
				CLANG_WARN_OBJC_ROOT_CLASS = YES_ERROR;
				CLANG_WARN_UNREACHABLE_CODE = YES;
				CLANG_WARN__DUPLICATE_METHOD_MATCH = YES;
				"CODE_SIGN_IDENTITY[sdk=iphoneos*]" = "iPhone Developer";
				COPY_PHASE_STRIP = NO;
				DEBUG_INFORMATION_FORMAT = "dwarf-with-dsym";
				ENABLE_NS_ASSERTIONS = NO;
				ENABLE_STRICT_OBJC_MSGSEND = YES;
				GCC_C_LANGUAGE_STANDARD = gnu99;
				GCC_NO_COMMON_BLOCKS = YES;
				GCC_WARN_64_TO_32_BIT_CONVERSION = YES;
				GCC_WARN_ABOUT_RETURN_TYPE = YES_ERROR;
				GCC_WARN_UNDECLARED_SELECTOR = YES;
				GCC_WARN_UNINITIALIZED_AUTOS = YES_AGGRESSIVE;
				GCC_WARN_UNUSED_FUNCTION = YES;
				GCC_WARN_UNUSED_VARIABLE = YES;
				IPHONEOS_DEPLOYMENT_TARGET = 9.2;
				MTL_ENABLE_DEBUG_INFO = NO;
				SDKROOT = iphoneos;
				TARGETED_DEVICE_FAMILY = "1,2";
				VALIDATE_PRODUCT = YES;
			};
			name = Release;
		};
		3CD69DAC1C4F1732009168AE /* Debug */ = {
			isa = XCBuildConfiguration;
			buildSettings = {
				ASSETCATALOG_COMPILER_APPICON_NAME = AppIcon;
				INFOPLIST_FILE = "Shooting Ballz/Info.plist";
				LD_RUNPATH_SEARCH_PATHS = "$(inherited) @executable_path/Frameworks";
				PRODUCT_BUNDLE_IDENTIFIER = "ca.filza.Shooting-Ballz";
				PRODUCT_NAME = "$(TARGET_NAME)";
			};
			name = Debug;
		};
		3CD69DAD1C4F1732009168AE /* Release */ = {
			isa = XCBuildConfiguration;
			buildSettings = {
				ASSETCATALOG_COMPILER_APPICON_NAME = AppIcon;
				INFOPLIST_FILE = "Shooting Ballz/Info.plist";
				LD_RUNPATH_SEARCH_PATHS = "$(inherited) @executable_path/Frameworks";
				PRODUCT_BUNDLE_IDENTIFIER = "ca.filza.Shooting-Ballz";
				PRODUCT_NAME = "$(TARGET_NAME)";
			};
			name = Release;
		};
/* End XCBuildConfiguration section */

/* Begin XCConfigurationList section */
		3CD69D901C4F1731009168AE /* Build configuration list for PBXProject "Shooting Ballz" */ = {
			isa = XCConfigurationList;
			buildConfigurations = (
				3CD69DA91C4F1732009168AE /* Debug */,
				3CD69DAA1C4F1732009168AE /* Release */,
			);
			defaultConfigurationIsVisible = 0;
			defaultConfigurationName = Release;
		};
		3CD69DAB1C4F1732009168AE /* Build configuration list for PBXNativeTarget "Shooting Ballz" */ = {
			isa = XCConfigurationList;
			buildConfigurations = (
				3CD69DAC1C4F1732009168AE /* Debug */,
				3CD69DAD1C4F1732009168AE /* Release */,
			);
			defaultConfigurationIsVisible = 0;
			defaultConfigurationName = Release;
		};
/* End XCConfigurationList section */
	};
	rootObject = 3CD69D8D1C4F1731009168AE /* Project object */;
}
